
Microsoft Visual Studio Solution File, Format Version 12.00
# Visual Studio 2017
Project("{FAE04EC0-301F-11D3-BF4B-00C04F79EFBC}") = "scena 1.Plugins", "scena 1.Plugins.csproj", "{01E8416A-3D3D-E3D0-BC1D-1DCFA629B2E4}"
EndProject
Project("{FAE04EC0-301F-11D3-BF4B-00C04F79EFBC}") = "scena 1.Editor.Plugins", "scena 1.Editor.Plugins.csproj", "{08A81154-E834-9042-95C3-0AC70822BC1C}"
EndProject
Project("{FAE04EC0-301F-11D3-BF4B-00C04F79EFBC}") = "scena 1.Editor", "scena 1.Editor.csproj", "{A710EDAF-4352-8061-6EF2-56355DE96C53}"
EndProject
Global
	GlobalSection(SolutionConfigurationPlatforms) = preSolution
		Debug|Any CPU = Debug|Any CPU
		Release|Any CPU = Release|Any CPU
	EndGlobalSection
	GlobalSection(ProjectConfigurationPlatforms) = postSolution
		{01E8416A-3D3D-E3D0-BC1D-1DCFA629B2E4}.Debug|Any CPU.ActiveCfg = Debug|Any CPU
		{01E8416A-3D3D-E3D0-BC1D-1DCFA629B2E4}.Debug|Any CPU.Build.0 = Debug|Any CPU
		{01E8416A-3D3D-E3D0-BC1D-1DCFA629B2E4}.Release|Any CPU.ActiveCfg = Release|Any CPU
		{01E8416A-3D3D-E3D0-BC1D-1DCFA629B2E4}.Release|Any CPU.Build.0 = Release|Any CPU
		{08A81154-E834-9042-95C3-0AC70822BC1C}.Debug|Any CPU.ActiveCfg = Debug|Any CPU
		{08A81154-E834-9042-95C3-0AC70822BC1C}.Debug|Any CPU.Build.0 = Debug|Any CPU
		{08A81154-E834-9042-95C3-0AC70822BC1C}.Release|Any CPU.ActiveCfg = Release|Any CPU
		{08A81154-E834-9042-95C3-0AC70822BC1C}.Release|Any CPU.Build.0 = Release|Any CPU
		{A710EDAF-4352-8061-6EF2-56355DE96C53}.Debug|Any CPU.ActiveCfg = Debug|Any CPU
		{A710EDAF-4352-8061-6EF2-56355DE96C53}.Debug|Any CPU.Build.0 = Debug|Any CPU
		{A710EDAF-4352-8061-6EF2-56355DE96C53}.Release|Any CPU.ActiveCfg = Release|Any CPU
		{A710EDAF-4352-8061-6EF2-56355DE96C53}.Release|Any CPU.Build.0 = Release|Any CPU
	EndGlobalSection
	GlobalSection(SolutionProperties) = preSolution
		HideSolutionNode = FALSE
	EndGlobalSection
EndGlobal
