
Microsoft Visual Studio Solution File, Format Version 11.00
# Visual Studio 2010
Project("{FAE04EC0-301F-11D3-BF4B-00C04F79EFBC}") = "Ball", "Assembly-CSharp.csproj", "{9E52A545-9351-2979-C99C-FAB74345087D}"
EndProject
Global
	GlobalSection(SolutionConfigurationPlatforms) = preSolution
		Debug|Any CPU = Debug|Any CPU
		Release|Any CPU = Release|Any CPU
	EndGlobalSection
	GlobalSection(ProjectConfigurationPlatforms) = postSolution
		{9E52A545-9351-2979-C99C-FAB74345087D}.Debug|Any CPU.ActiveCfg = Debug|Any CPU
		{9E52A545-9351-2979-C99C-FAB74345087D}.Debug|Any CPU.Build.0 = Debug|Any CPU
		{9E52A545-9351-2979-C99C-FAB74345087D}.Release|Any CPU.ActiveCfg = Release|Any CPU
		{9E52A545-9351-2979-C99C-FAB74345087D}.Release|Any CPU.Build.0 = Release|Any CPU
	EndGlobalSection
	GlobalSection(SolutionProperties) = preSolution
		HideSolutionNode = FALSE
	EndGlobalSection
	GlobalSection(MonoDevelopProperties) = preSolution
		StartupItem = Assembly-CSharp.csproj
	EndGlobalSection
EndGlobal
