
Microsoft Visual Studio Solution File, Format Version 12.00
# Visual Studio 2017
Project("{FAE04EC0-301F-11D3-BF4B-00C04F79EFBC}") = "Game_merged.Plugins", "Game_merged.Plugins.csproj", "{7BBEB97D-90FD-B3B2-A2E4-F06974D7D634}"
EndProject
Project("{FAE04EC0-301F-11D3-BF4B-00C04F79EFBC}") = "Game_merged", "Game_merged.csproj", "{22199403-59BC-BDC6-FA47-58AB4A4C9E8E}"
EndProject
Project("{FAE04EC0-301F-11D3-BF4B-00C04F79EFBC}") = "Game_merged.Editor.Plugins", "Game_merged.Editor.Plugins.csproj", "{43EA306E-D8C6-5B0A-9293-A6D28881D25C}"
EndProject
Project("{FAE04EC0-301F-11D3-BF4B-00C04F79EFBC}") = "Game_merged.Editor", "Game_merged.Editor.csproj", "{B571EB61-0B92-45D8-8E6F-5A33CDB056E8}"
EndProject
Global
	GlobalSection(SolutionConfigurationPlatforms) = preSolution
		Debug|Any CPU = Debug|Any CPU
		Release|Any CPU = Release|Any CPU
	EndGlobalSection
	GlobalSection(ProjectConfigurationPlatforms) = postSolution
		{7BBEB97D-90FD-B3B2-A2E4-F06974D7D634}.Debug|Any CPU.ActiveCfg = Debug|Any CPU
		{7BBEB97D-90FD-B3B2-A2E4-F06974D7D634}.Debug|Any CPU.Build.0 = Debug|Any CPU
		{7BBEB97D-90FD-B3B2-A2E4-F06974D7D634}.Release|Any CPU.ActiveCfg = Release|Any CPU
		{7BBEB97D-90FD-B3B2-A2E4-F06974D7D634}.Release|Any CPU.Build.0 = Release|Any CPU
		{22199403-59BC-BDC6-FA47-58AB4A4C9E8E}.Debug|Any CPU.ActiveCfg = Debug|Any CPU
		{22199403-59BC-BDC6-FA47-58AB4A4C9E8E}.Debug|Any CPU.Build.0 = Debug|Any CPU
		{22199403-59BC-BDC6-FA47-58AB4A4C9E8E}.Release|Any CPU.ActiveCfg = Release|Any CPU
		{22199403-59BC-BDC6-FA47-58AB4A4C9E8E}.Release|Any CPU.Build.0 = Release|Any CPU
		{43EA306E-D8C6-5B0A-9293-A6D28881D25C}.Debug|Any CPU.ActiveCfg = Debug|Any CPU
		{43EA306E-D8C6-5B0A-9293-A6D28881D25C}.Debug|Any CPU.Build.0 = Debug|Any CPU
		{43EA306E-D8C6-5B0A-9293-A6D28881D25C}.Release|Any CPU.ActiveCfg = Release|Any CPU
		{43EA306E-D8C6-5B0A-9293-A6D28881D25C}.Release|Any CPU.Build.0 = Release|Any CPU
		{B571EB61-0B92-45D8-8E6F-5A33CDB056E8}.Debug|Any CPU.ActiveCfg = Debug|Any CPU
		{B571EB61-0B92-45D8-8E6F-5A33CDB056E8}.Debug|Any CPU.Build.0 = Debug|Any CPU
		{B571EB61-0B92-45D8-8E6F-5A33CDB056E8}.Release|Any CPU.ActiveCfg = Release|Any CPU
		{B571EB61-0B92-45D8-8E6F-5A33CDB056E8}.Release|Any CPU.Build.0 = Release|Any CPU
	EndGlobalSection
	GlobalSection(SolutionProperties) = preSolution
		HideSolutionNode = FALSE
	EndGlobalSection
EndGlobal
